
Microsoft Visual Studio Solution File, Format Version 12.00
# Visual Studio Version 17
VisualStudioVersion = 17.1.32414.318
MinimumVisualStudioVersion = 10.0.40219.1
Project("{9A19103F-16F7-4668-BE54-9A1E7A4F7556}") = "MLApp1", "MLApp1\MLApp1.csproj", "{6D6E80C0-9A29-4B4C-8F82-B3CD2BFEA218}"
EndProject
Project("{FAE04EC0-301F-11D3-BF4B-00C04F79EFBC}") = "LabellerImage.Test", "LabellerImage.Test\LabellerImage.Test.csproj", "{F544046D-EBB3-4AF4-9B4D-6C83ABD75B49}"
EndProject
Global
	GlobalSection(SolutionConfigurationPlatforms) = preSolution
		Debug|Any CPU = Debug|Any CPU
		Release|Any CPU = Release|Any CPU
	EndGlobalSection
	GlobalSection(ProjectConfigurationPlatforms) = postSolution
		{6D6E80C0-9A29-4B4C-8F82-B3CD2BFEA218}.Debug|Any CPU.ActiveCfg = Debug|Any CPU
		{6D6E80C0-9A29-4B4C-8F82-B3CD2BFEA218}.Debug|Any CPU.Build.0 = Debug|Any CPU
		{6D6E80C0-9A29-4B4C-8F82-B3CD2BFEA218}.Release|Any CPU.ActiveCfg = Release|Any CPU
		{6D6E80C0-9A29-4B4C-8F82-B3CD2BFEA218}.Release|Any CPU.Build.0 = Release|Any CPU
		{F544046D-EBB3-4AF4-9B4D-6C83ABD75B49}.Debug|Any CPU.ActiveCfg = Debug|Any CPU
		{F544046D-EBB3-4AF4-9B4D-6C83ABD75B49}.Debug|Any CPU.Build.0 = Debug|Any CPU
		{F544046D-EBB3-4AF4-9B4D-6C83ABD75B49}.Release|Any CPU.ActiveCfg = Release|Any CPU
		{F544046D-EBB3-4AF4-9B4D-6C83ABD75B49}.Release|Any CPU.Build.0 = Release|Any CPU
	EndGlobalSection
	GlobalSection(SolutionProperties) = preSolution
		HideSolutionNode = FALSE
	EndGlobalSection
	GlobalSection(ExtensibilityGlobals) = postSolution
		SolutionGuid = {340173EC-49D8-4383-9BFD-1362BE40BB13}
	EndGlobalSection
EndGlobal
